// !$*UTF8*$!
{
	archiveVersion = 1;
	classes = {
	};
	objectVersion = 56;
	objects = {

/* Begin PBXBuildFile section */
		754077C02C62B159005F95DF /* EnglishWordApp.swift in Sources */ = {isa = PBXBuildFile; fileRef = 754077BF2C62B159005F95DF /* EnglishWordApp.swift */; };
		754077C22C62B159005F95DF /* ContentView.swift in Sources */ = {isa = PBXBuildFile; fileRef = 754077C12C62B159005F95DF /* ContentView.swift */; };
		754077C42C62B15A005F95DF /* Assets.xcassets in Resources */ = {isa = PBXBuildFile; fileRef = 754077C32C62B15A005F95DF /* Assets.xcassets */; };
		754077C72C62B15A005F95DF /* Preview Assets.xcassets in Resources */ = {isa = PBXBuildFile; fileRef = 754077C62C62B15A005F95DF /* Preview Assets.xcassets */; };
		754077C92C62B15A005F95DF /* Persistence.swift in Sources */ = {isa = PBXBuildFile; fileRef = 754077C82C62B15A005F95DF /* Persistence.swift */; };
		754077CC2C62B15A005F95DF /* EnglishWord.xcdatamodeld in Sources */ = {isa = PBXBuildFile; fileRef = 754077CA2C62B15A005F95DF /* EnglishWord.xcdatamodeld */; };
		754077D62C62B1A2005F95DF /* CodableBundleExtensions.swift in Sources */ = {isa = PBXBuildFile; fileRef = 754077D52C62B1A2005F95DF /* CodableBundleExtensions.swift */; };
		754077DA2C62B1C4005F95DF /* WordModels.swift in Sources */ = {isa = PBXBuildFile; fileRef = 754077D92C62B1C4005F95DF /* WordModels.swift */; };
		754077DE2C62B1F1005F95DF /* WordViewModel.swift in Sources */ = {isa = PBXBuildFile; fileRef = 754077DD2C62B1F1005F95DF /* WordViewModel.swift */; };
		754077E32C62B396005F95DF /* word.json in Resources */ = {isa = PBXBuildFile; fileRef = 754077E22C62B396005F95DF /* word.json */; };
		754077E52C62B768005F95DF /* WordManager.swift in Sources */ = {isa = PBXBuildFile; fileRef = 754077E42C62B768005F95DF /* WordManager.swift */; };
/* End PBXBuildFile section */

/* Begin PBXFileReference section */
		754077BC2C62B159005F95DF /* EnglishWord.app */ = {isa = PBXFileReference; explicitFileType = wrapper.application; includeInIndex = 0; path = EnglishWord.app; sourceTree = BUILT_PRODUCTS_DIR; };
		754077BF2C62B159005F95DF /* EnglishWordApp.swift */ = {isa = PBXFileReference; lastKnownFileType = sourcecode.swift; path = EnglishWordApp.swift; sourceTree = "<group>"; };
		754077C12C62B159005F95DF /* ContentView.swift */ = {isa = PBXFileReference; lastKnownFileType = sourcecode.swift; path = ContentView.swift; sourceTree = "<group>"; };
		754077C32C62B15A005F95DF /* Assets.xcassets */ = {isa = PBXFileReference; lastKnownFileType = folder.assetcatalog; path = Assets.xcassets; sourceTree = "<group>"; };
		754077C62C62B15A005F95DF /* Preview Assets.xcassets */ = {isa = PBXFileReference; lastKnownFileType = folder.assetcatalog; path = "Preview Assets.xcassets"; sourceTree = "<group>"; };
		754077C82C62B15A005F95DF /* Persistence.swift */ = {isa = PBXFileReference; lastKnownFileType = sourcecode.swift; path = Persistence.swift; sourceTree = "<group>"; };
		754077CB2C62B15A005F95DF /* EnglishWord.xcdatamodel */ = {isa = PBXFileReference; lastKnownFileType = wrapper.xcdatamodel; path = EnglishWord.xcdatamodel; sourceTree = "<group>"; };
		754077D52C62B1A2005F95DF /* CodableBundleExtensions.swift */ = {isa = PBXFileReference; lastKnownFileType = sourcecode.swift; path = CodableBundleExtensions.swift; sourceTree = "<group>"; };
		754077D92C62B1C4005F95DF /* WordModels.swift */ = {isa = PBXFileReference; lastKnownFileType = sourcecode.swift; path = WordModels.swift; sourceTree = "<group>"; };
		754077DD2C62B1F1005F95DF /* WordViewModel.swift */ = {isa = PBXFileReference; lastKnownFileType = sourcecode.swift; path = WordViewModel.swift; sourceTree = "<group>"; };
		754077E22C62B396005F95DF /* word.json */ = {isa = PBXFileReference; fileEncoding = 4; lastKnownFileType = text.json; path = word.json; sourceTree = "<group>"; };
		754077E42C62B768005F95DF /* WordManager.swift */ = {isa = PBXFileReference; lastKnownFileType = sourcecode.swift; path = WordManager.swift; sourceTree = "<group>"; };
/* End PBXFileReference section */

/* Begin PBXFrameworksBuildPhase section */
		754077B92C62B159005F95DF /* Frameworks */ = {
			isa = PBXFrameworksBuildPhase;
			buildActionMask = 2147483647;
			files = (
			);
			runOnlyForDeploymentPostprocessing = 0;
		};
/* End PBXFrameworksBuildPhase section */

/* Begin PBXGroup section */
		754077B32C62B159005F95DF = {
			isa = PBXGroup;
			children = (
				754077BE2C62B159005F95DF /* EnglishWord */,
				754077BD2C62B159005F95DF /* Products */,
			);
			sourceTree = "<group>";
		};
		754077BD2C62B159005F95DF /* Products */ = {
			isa = PBXGroup;
			children = (
				754077BC2C62B159005F95DF /* EnglishWord.app */,
			);
			name = Products;
			sourceTree = "<group>";
		};
		754077BE2C62B159005F95DF /* EnglishWord */ = {
			isa = PBXGroup;
			children = (
				754077D32C62B16E005F95DF /* Helper */,
				754077D22C62B167005F95DF /* Module */,
				754077BF2C62B159005F95DF /* EnglishWordApp.swift */,
				754077C32C62B15A005F95DF /* Assets.xcassets */,
				754077CA2C62B15A005F95DF /* EnglishWord.xcdatamodeld */,
				754077C52C62B15A005F95DF /* Preview Content */,
			);
			path = EnglishWord;
			sourceTree = "<group>";
		};
		754077C52C62B15A005F95DF /* Preview Content */ = {
			isa = PBXGroup;
			children = (
				754077C62C62B15A005F95DF /* Preview Assets.xcassets */,
			);
			path = "Preview Content";
			sourceTree = "<group>";
		};
		754077D22C62B167005F95DF /* Module */ = {
			isa = PBXGroup;
			children = (
				754077DB2C62B1E3005F95DF /* Word */,
				754077E42C62B768005F95DF /* WordManager.swift */,
			);
			path = Module;
			sourceTree = "<group>";
		};
		754077D32C62B16E005F95DF /* Helper */ = {
			isa = PBXGroup;
			children = (
				754077C82C62B15A005F95DF /* Persistence.swift */,
				754077D72C62B1AF005F95DF /* Data */,
				754077D42C62B194005F95DF /* Extensions */,
			);
			path = Helper;
			sourceTree = "<group>";
		};
		754077D42C62B194005F95DF /* Extensions */ = {
			isa = PBXGroup;
			children = (
				754077D52C62B1A2005F95DF /* CodableBundleExtensions.swift */,
			);
			path = Extensions;
			sourceTree = "<group>";
		};
		754077D72C62B1AF005F95DF /* Data */ = {
			isa = PBXGroup;
			children = (
				754077E22C62B396005F95DF /* word.json */,
				754077D82C62B1BC005F95DF /* Model */,
			);
			path = Data;
			sourceTree = "<group>";
		};
		754077D82C62B1BC005F95DF /* Model */ = {
			isa = PBXGroup;
			children = (
				754077D92C62B1C4005F95DF /* WordModels.swift */,
			);
			path = Model;
			sourceTree = "<group>";
		};
		754077DB2C62B1E3005F95DF /* Word */ = {
			isa = PBXGroup;
			children = (
				754077C12C62B159005F95DF /* ContentView.swift */,
				754077DC2C62B1EB005F95DF /* ViewModel */,
			);
			path = Word;
			sourceTree = "<group>";
		};
		754077DC2C62B1EB005F95DF /* ViewModel */ = {
			isa = PBXGroup;
			children = (
				754077DD2C62B1F1005F95DF /* WordViewModel.swift */,
			);
			path = ViewModel;
			sourceTree = "<group>";
		};
/* End PBXGroup section */

/* Begin PBXNativeTarget section */
		754077BB2C62B159005F95DF /* EnglishWord */ = {
			isa = PBXNativeTarget;
			buildConfigurationList = 754077CF2C62B15A005F95DF /* Build configuration list for PBXNativeTarget "EnglishWord" */;
			buildPhases = (
				754077B82C62B159005F95DF /* Sources */,
				754077B92C62B159005F95DF /* Frameworks */,
				754077BA2C62B159005F95DF /* Resources */,
			);
			buildRules = (
			);
			dependencies = (
			);
			name = EnglishWord;
			productName = EnglishWord;
			productReference = 754077BC2C62B159005F95DF /* EnglishWord.app */;
			productType = "com.apple.product-type.application";
		};
/* End PBXNativeTarget section */

/* Begin PBXProject section */
		754077B42C62B159005F95DF /* Project object */ = {
			isa = PBXProject;
			attributes = {
				BuildIndependentTargetsInParallel = 1;
				LastSwiftUpdateCheck = 1540;
				LastUpgradeCheck = 1540;
				TargetAttributes = {
					754077BB2C62B159005F95DF = {
						CreatedOnToolsVersion = 15.4;
					};
				};
			};
			buildConfigurationList = 754077B72C62B159005F95DF /* Build configuration list for PBXProject "EnglishWord" */;
			compatibilityVersion = "Xcode 14.0";
			developmentRegion = en;
			hasScannedForEncodings = 0;
			knownRegions = (
				en,
				Base,
			);
			mainGroup = 754077B32C62B159005F95DF;
			productRefGroup = 754077BD2C62B159005F95DF /* Products */;
			projectDirPath = "";
			projectRoot = "";
			targets = (
				754077BB2C62B159005F95DF /* EnglishWord */,
			);
		};
/* End PBXProject section */

/* Begin PBXResourcesBuildPhase section */
		754077BA2C62B159005F95DF /* Resources */ = {
			isa = PBXResourcesBuildPhase;
			buildActionMask = 2147483647;
			files = (
				754077C72C62B15A005F95DF /* Preview Assets.xcassets in Resources */,
				754077E32C62B396005F95DF /* word.json in Resources */,
				754077C42C62B15A005F95DF /* Assets.xcassets in Resources */,
			);
			runOnlyForDeploymentPostprocessing = 0;
		};
/* End PBXResourcesBuildPhase section */

/* Begin PBXSourcesBuildPhase section */
		754077B82C62B159005F95DF /* Sources */ = {
			isa = PBXSourcesBuildPhase;
			buildActionMask = 2147483647;
			files = (
				754077C92C62B15A005F95DF /* Persistence.swift in Sources */,
				754077C22C62B159005F95DF /* ContentView.swift in Sources */,
				754077D62C62B1A2005F95DF /* CodableBundleExtensions.swift in Sources */,
				754077E52C62B768005F95DF /* WordManager.swift in Sources */,
				754077DA2C62B1C4005F95DF /* WordModels.swift in Sources */,
				754077CC2C62B15A005F95DF /* EnglishWord.xcdatamodeld in Sources */,
				754077C02C62B159005F95DF /* EnglishWordApp.swift in Sources */,
				754077DE2C62B1F1005F95DF /* WordViewModel.swift in Sources */,
			);
			runOnlyForDeploymentPostprocessing = 0;
		};
/* End PBXSourcesBuildPhase section */

/* Begin XCBuildConfiguration section */
		754077CD2C62B15A005F95DF /* Debug */ = {
			isa = XCBuildConfiguration;
			buildSettings = {
				ALWAYS_SEARCH_USER_PATHS = NO;
				ASSETCATALOG_COMPILER_GENERATE_SWIFT_ASSET_SYMBOL_EXTENSIONS = YES;
				CLANG_ANALYZER_NONNULL = YES;
				CLANG_ANALYZER_NUMBER_OBJECT_CONVERSION = YES_AGGRESSIVE;
				CLANG_CXX_LANGUAGE_STANDARD = "gnu++20";
				CLANG_ENABLE_MODULES = YES;
				CLANG_ENABLE_OBJC_ARC = YES;
				CLANG_ENABLE_OBJC_WEAK = YES;
				CLANG_WARN_BLOCK_CAPTURE_AUTORELEASING = YES;
				CLANG_WARN_BOOL_CONVERSION = YES;
				CLANG_WARN_COMMA = YES;
				CLANG_WARN_CONSTANT_CONVERSION = YES;
				CLANG_WARN_DEPRECATED_OBJC_IMPLEMENTATIONS = YES;
				CLANG_WARN_DIRECT_OBJC_ISA_USAGE = YES_ERROR;
				CLANG_WARN_DOCUMENTATION_COMMENTS = YES;
				CLANG_WARN_EMPTY_BODY = YES;
				CLANG_WARN_ENUM_CONVERSION = YES;
				CLANG_WARN_INFINITE_RECURSION = YES;
				CLANG_WARN_INT_CONVERSION = YES;
				CLANG_WARN_NON_LITERAL_NULL_CONVERSION = YES;
				CLANG_WARN_OBJC_IMPLICIT_RETAIN_SELF = YES;
				CLANG_WARN_OBJC_LITERAL_CONVERSION = YES;
				CLANG_WARN_OBJC_ROOT_CLASS = YES_ERROR;
				CLANG_WARN_QUOTED_INCLUDE_IN_FRAMEWORK_HEADER = YES;
				CLANG_WARN_RANGE_LOOP_ANALYSIS = YES;
				CLANG_WARN_STRICT_PROTOTYPES = YES;
				CLANG_WARN_SUSPICIOUS_MOVE = YES;
				CLANG_WARN_UNGUARDED_AVAILABILITY = YES_AGGRESSIVE;
				CLANG_WARN_UNREACHABLE_CODE = YES;
				CLANG_WARN__DUPLICATE_METHOD_MATCH = YES;
				COPY_PHASE_STRIP = NO;
				DEBUG_INFORMATION_FORMAT = dwarf;
				ENABLE_STRICT_OBJC_MSGSEND = YES;
				ENABLE_TESTABILITY = YES;
				ENABLE_USER_SCRIPT_SANDBOXING = YES;
				GCC_C_LANGUAGE_STANDARD = gnu17;
				GCC_DYNAMIC_NO_PIC = NO;
				GCC_NO_COMMON_BLOCKS = YES;
				GCC_OPTIMIZATION_LEVEL = 0;
				GCC_PREPROCESSOR_DEFINITIONS = (
					"DEBUG=1",
					"$(inherited)",
				);
				GCC_WARN_64_TO_32_BIT_CONVERSION = YES;
				GCC_WARN_ABOUT_RETURN_TYPE = YES_ERROR;
				GCC_WARN_UNDECLARED_SELECTOR = YES;
				GCC_WARN_UNINITIALIZED_AUTOS = YES_AGGRESSIVE;
				GCC_WARN_UNUSED_FUNCTION = YES;
				GCC_WARN_UNUSED_VARIABLE = YES;
				IPHONEOS_DEPLOYMENT_TARGET = 17.5;
				LOCALIZATION_PREFERS_STRING_CATALOGS = YES;
				MTL_ENABLE_DEBUG_INFO = INCLUDE_SOURCE;
				MTL_FAST_MATH = YES;
				ONLY_ACTIVE_ARCH = YES;
				SDKROOT = iphoneos;
				SWIFT_ACTIVE_COMPILATION_CONDITIONS = "DEBUG $(inherited)";
				SWIFT_OPTIMIZATION_LEVEL = "-Onone";
			};
			name = Debug;
		};
		754077CE2C62B15A005F95DF /* Release */ = {
			isa = XCBuildConfiguration;
			buildSettings = {
				ALWAYS_SEARCH_USER_PATHS = NO;
				ASSETCATALOG_COMPILER_GENERATE_SWIFT_ASSET_SYMBOL_EXTENSIONS = YES;
				CLANG_ANALYZER_NONNULL = YES;
				CLANG_ANALYZER_NUMBER_OBJECT_CONVERSION = YES_AGGRESSIVE;
				CLANG_CXX_LANGUAGE_STANDARD = "gnu++20";
				CLANG_ENABLE_MODULES = YES;
				CLANG_ENABLE_OBJC_ARC = YES;
				CLANG_ENABLE_OBJC_WEAK = YES;
				CLANG_WARN_BLOCK_CAPTURE_AUTORELEASING = YES;
				CLANG_WARN_BOOL_CONVERSION = YES;
				CLANG_WARN_COMMA = YES;
				CLANG_WARN_CONSTANT_CONVERSION = YES;
				CLANG_WARN_DEPRECATED_OBJC_IMPLEMENTATIONS = YES;
				CLANG_WARN_DIRECT_OBJC_ISA_USAGE = YES_ERROR;
				CLANG_WARN_DOCUMENTATION_COMMENTS = YES;
				CLANG_WARN_EMPTY_BODY = YES;
				CLANG_WARN_ENUM_CONVERSION = YES;
				CLANG_WARN_INFINITE_RECURSION = YES;
				CLANG_WARN_INT_CONVERSION = YES;
				CLANG_WARN_NON_LITERAL_NULL_CONVERSION = YES;
				CLANG_WARN_OBJC_IMPLICIT_RETAIN_SELF = YES;
				CLANG_WARN_OBJC_LITERAL_CONVERSION = YES;
				CLANG_WARN_OBJC_ROOT_CLASS = YES_ERROR;
				CLANG_WARN_QUOTED_INCLUDE_IN_FRAMEWORK_HEADER = YES;
				CLANG_WARN_RANGE_LOOP_ANALYSIS = YES;
				CLANG_WARN_STRICT_PROTOTYPES = YES;
				CLANG_WARN_SUSPICIOUS_MOVE = YES;
				CLANG_WARN_UNGUARDED_AVAILABILITY = YES_AGGRESSIVE;
				CLANG_WARN_UNREACHABLE_CODE = YES;
				CLANG_WARN__DUPLICATE_METHOD_MATCH = YES;
				COPY_PHASE_STRIP = NO;
				DEBUG_INFORMATION_FORMAT = "dwarf-with-dsym";
				ENABLE_NS_ASSERTIONS = NO;
				ENABLE_STRICT_OBJC_MSGSEND = YES;
				ENABLE_USER_SCRIPT_SANDBOXING = YES;
				GCC_C_LANGUAGE_STANDARD = gnu17;
				GCC_NO_COMMON_BLOCKS = YES;
				GCC_WARN_64_TO_32_BIT_CONVERSION = YES;
				GCC_WARN_ABOUT_RETURN_TYPE = YES_ERROR;
				GCC_WARN_UNDECLARED_SELECTOR = YES;
				GCC_WARN_UNINITIALIZED_AUTOS = YES_AGGRESSIVE;
				GCC_WARN_UNUSED_FUNCTION = YES;
				GCC_WARN_UNUSED_VARIABLE = YES;
				IPHONEOS_DEPLOYMENT_TARGET = 17.5;
				LOCALIZATION_PREFERS_STRING_CATALOGS = YES;
				MTL_ENABLE_DEBUG_INFO = NO;
				MTL_FAST_MATH = YES;
				SDKROOT = iphoneos;
				SWIFT_COMPILATION_MODE = wholemodule;
				VALIDATE_PRODUCT = YES;
			};
			name = Release;
		};
		754077D02C62B15A005F95DF /* Debug */ = {
			isa = XCBuildConfiguration;
			buildSettings = {
				ASSETCATALOG_COMPILER_APPICON_NAME = AppIcon;
				ASSETCATALOG_COMPILER_GLOBAL_ACCENT_COLOR_NAME = AccentColor;
				CODE_SIGN_STYLE = Automatic;
				CURRENT_PROJECT_VERSION = 1;
				DEVELOPMENT_ASSET_PATHS = "\"EnglishWord/Preview Content\"";
				DEVELOPMENT_TEAM = WL3K4A7DH8;
				ENABLE_PREVIEWS = YES;
				GENERATE_INFOPLIST_FILE = YES;
				INFOPLIST_KEY_LSApplicationCategoryType = "public.app-category.education";
				INFOPLIST_KEY_UIApplicationSceneManifest_Generation = YES;
				INFOPLIST_KEY_UIApplicationSupportsIndirectInputEvents = YES;
				INFOPLIST_KEY_UILaunchScreen_Generation = YES;
				INFOPLIST_KEY_UISupportedInterfaceOrientations_iPad = "UIInterfaceOrientationPortrait UIInterfaceOrientationPortraitUpsideDown UIInterfaceOrientationLandscapeLeft UIInterfaceOrientationLandscapeRight";
				INFOPLIST_KEY_UISupportedInterfaceOrientations_iPhone = "UIInterfaceOrientationPortrait UIInterfaceOrientationLandscapeLeft UIInterfaceOrientationLandscapeRight";
				IPHONEOS_DEPLOYMENT_TARGET = 16.0;
				LD_RUNPATH_SEARCH_PATHS = (
					"$(inherited)",
					"@executable_path/Frameworks",
				);
				MARKETING_VERSION = 1.0;
				PRODUCT_BUNDLE_IDENTIFIER = barisdilekci.EnglishWord;
				PRODUCT_NAME = "$(TARGET_NAME)";
				SUPPORTED_PLATFORMS = "iphoneos iphonesimulator";
				SUPPORTS_MACCATALYST = NO;
				SUPPORTS_MAC_DESIGNED_FOR_IPHONE_IPAD = NO;
				SUPPORTS_XR_DESIGNED_FOR_IPHONE_IPAD = NO;
				SWIFT_EMIT_LOC_STRINGS = YES;
				SWIFT_VERSION = 5.0;
				TARGETED_DEVICE_FAMILY = 1;
			};
			name = Debug;
		};
		754077D12C62B15A005F95DF /* Release */ = {
			isa = XCBuildConfiguration;
			buildSettings = {
				ASSETCATALOG_COMPILER_APPICON_NAME = AppIcon;
				ASSETCATALOG_COMPILER_GLOBAL_ACCENT_COLOR_NAME = AccentColor;
				CODE_SIGN_STYLE = Automatic;
				CURRENT_PROJECT_VERSION = 1;
				DEVELOPMENT_ASSET_PATHS = "\"EnglishWord/Preview Content\"";
				DEVELOPMENT_TEAM = WL3K4A7DH8;
				ENABLE_PREVIEWS = YES;
				GENERATE_INFOPLIST_FILE = YES;
				INFOPLIST_KEY_LSApplicationCategoryType = "public.app-category.education";
				INFOPLIST_KEY_UIApplicationSceneManifest_Generation = YES;
				INFOPLIST_KEY_UIApplicationSupportsIndirectInputEvents = YES;
				INFOPLIST_KEY_UILaunchScreen_Generation = YES;
				INFOPLIST_KEY_UISupportedInterfaceOrientations_iPad = "UIInterfaceOrientationPortrait UIInterfaceOrientationPortraitUpsideDown UIInterfaceOrientationLandscapeLeft UIInterfaceOrientationLandscapeRight";
				INFOPLIST_KEY_UISupportedInterfaceOrientations_iPhone = "UIInterfaceOrientationPortrait UIInterfaceOrientationLandscapeLeft UIInterfaceOrientationLandscapeRight";
				IPHONEOS_DEPLOYMENT_TARGET = 16.0;
				LD_RUNPATH_SEARCH_PATHS = (
					"$(inherited)",
					"@executable_path/Frameworks",
				);
				MARKETING_VERSION = 1.0;
				PRODUCT_BUNDLE_IDENTIFIER = barisdilekci.EnglishWord;
				PRODUCT_NAME = "$(TARGET_NAME)";
				SUPPORTED_PLATFORMS = "iphoneos iphonesimulator";
				SUPPORTS_MACCATALYST = NO;
				SUPPORTS_MAC_DESIGNED_FOR_IPHONE_IPAD = NO;
				SUPPORTS_XR_DESIGNED_FOR_IPHONE_IPAD = NO;
				SWIFT_EMIT_LOC_STRINGS = YES;
				SWIFT_VERSION = 5.0;
				TARGETED_DEVICE_FAMILY = 1;
			};
			name = Release;
		};
/* End XCBuildConfiguration section */

/* Begin XCConfigurationList section */
		754077B72C62B159005F95DF /* Build configuration list for PBXProject "EnglishWord" */ = {
			isa = XCConfigurationList;
			buildConfigurations = (
				754077CD2C62B15A005F95DF /* Debug */,
				754077CE2C62B15A005F95DF /* Release */,
			);
			defaultConfigurationIsVisible = 0;
			defaultConfigurationName = Release;
		};
		754077CF2C62B15A005F95DF /* Build configuration list for PBXNativeTarget "EnglishWord" */ = {
			isa = XCConfigurationList;
			buildConfigurations = (
				754077D02C62B15A005F95DF /* Debug */,
				754077D12C62B15A005F95DF /* Release */,
			);
			defaultConfigurationIsVisible = 0;
			defaultConfigurationName = Release;
		};
/* End XCConfigurationList section */

/* Begin XCVersionGroup section */
		754077CA2C62B15A005F95DF /* EnglishWord.xcdatamodeld */ = {
			isa = XCVersionGroup;
			children = (
				754077CB2C62B15A005F95DF /* EnglishWord.xcdatamodel */,
			);
			currentVersion = 754077CB2C62B15A005F95DF /* EnglishWord.xcdatamodel */;
			path = EnglishWord.xcdatamodeld;
			sourceTree = "<group>";
			versionGroupType = wrapper.xcdatamodel;
		};
/* End XCVersionGroup section */
	};
	rootObject = 754077B42C62B159005F95DF /* Project object */;
}
